{
  "name": "wb-vision-server",
  "lockfileVersion": 2,
  "requires": true,
  "packages": {
    "": {
      "dependencies": {
        "amap": "^1.0.7",
        "index": "^0.4.0",
        "vue-amap": "^0.5.10"
      },
      "devDependencies": {
        "@amap/amap-jsapi-loader": "^1.0.1"
      }
    },
    "node_modules/@amap/amap-jsapi-loader": {
      "version": "1.0.1",
      "resolved": "https://registry.npmjs.org/@amap/amap-jsapi-loader/-/amap-jsapi-loader-1.0.1.tgz",
      "integrity": "sha512-nPyLKt7Ow/ThHLkSvn2etQlUzqxmTVgK7bIgwdBRTg2HK5668oN7xVxkaiRe3YZEzGzfV2XgH5Jmu2T73ljejw==",
      "dev": true
    },
    "node_modules/aglob": {
      "version": "2.0.1",
      "resolved": "https://registry.npmjs.org/aglob/-/aglob-2.0.1.tgz",
      "integrity": "sha512-Ga+NPO2UM40+lfz+lSem2fhsoFkAd129cULbi5ZD9IwpFvM2ZhscYayM3dhrBVOkSRStHPHGz2dWHcUq1Kdunw==",
      "dependencies": {
        "co": "^4.6.0",
        "glob": "^7.1.1"
      },
      "engines": {
        "node": ">=6",
        "npm": ">=4"
      }
    },
    "node_modules/amap": {
      "version": "1.0.7",
      "resolved": "https://r2.cnpmjs.org/amap/-/amap-1.0.7.tgz",
      "integrity": "sha512-A5Bmklw5nFuxZvrrspirV+pqorE0gdEwg85JiF444j+Jt1YFYALsF/496d6WiWca0H1bS84r3GcsHNBo90urZQ==",
      "dependencies": {
        "asfs": "^1.0.5",
        "co": "^4.6.0",
        "exorcist": "^0.4.0",
        "filecopy": "^2.0.2",
        "filedel": "^2.0.4"
      },
      "engines": {
        "node": ">=6",
        "npm": ">=3"
      }
    },
    "node_modules/argx": {
      "version": "3.0.2",
      "resolved": "https://registry.npmjs.org/argx/-/argx-3.0.2.tgz",
      "integrity": "sha512-PUyi1r14HG1AH6raqPEW8+vKNWfvHrmerdBXnf5iz7JOnO1hRaG1cGsH9eay/y8dUIreN7NxSEfK208UCGd0wQ==",
      "dependencies": {
        "iftype": "^3.0.0"
      },
      "engines": {
        "node": ">=4",
        "npm": ">=2"
      }
    },
    "node_modules/asfs": {
      "version": "1.2.3",
      "resolved": "https://registry.npmjs.org/asfs/-/asfs-1.2.3.tgz",
      "integrity": "sha512-1olc+2K8opqjYFoAXuzZfl2af4P49b6IvL7zlgMD9Y3uKrjPWLa60NCnDVkc1AJDc3N4X+a7Z1On9xZ7saeCNA==",
      "dependencies": {
        "aglob": "^2.0.1",
        "co": "^4.6.0",
        "filecopy": "^3.0.0",
        "mkdirp": "^0.5.1"
      },
      "engines": {
        "node": ">=6",
        "npm": ">=4"
      }
    },
    "node_modules/asfs/node_modules/filecopy": {
      "version": "3.0.1",
      "resolved": "https://registry.npmjs.org/filecopy/-/filecopy-3.0.1.tgz",
      "integrity": "sha512-1h+x9IvkPiXdJgTLoOSvJZsNh9b90fXGymXI+xIIzzy98d0boE2qttAdS/b7RlnouzRDLR+L7EMOotD4i+0Ntw==",
      "dependencies": {
        "aglob": "^2.0.1",
        "argx": "^3.0.0",
        "co": "^4.6.0",
        "mkdirp": "^0.5.1"
      },
      "engines": {
        "node": ">=6",
        "npm": ">=4"
      }
    },
    "node_modules/babel-runtime": {
      "version": "6.26.0",
      "resolved": "https://registry.npmjs.org/babel-runtime/-/babel-runtime-6.26.0.tgz",
      "integrity": "sha512-ITKNuq2wKlW1fJg9sSW52eepoYgZBggvOAHC0u/CYu/qxQ9EVzThCgR69BnSXLHjy2f7SY5zaQ4yt7H9ZVxY2g==",
      "dependencies": {
        "core-js": "^2.4.0",
        "regenerator-runtime": "^0.11.0"
      }
    },
    "node_modules/balanced-match": {
      "version": "1.0.2",
      "resolved": "https://registry.npmjs.org/balanced-match/-/balanced-match-1.0.2.tgz",
      "integrity": "sha512-3oSeUO0TMV67hN1AmbXsK4yaqU7tjiHlbxRDZOpH0KW9+CeX4bRAaX0Anxt0tx2MrpRpWwQaPwIlISEJhYU5Pw=="
    },
    "node_modules/brace-expansion": {
      "version": "1.1.11",
      "resolved": "https://registry.npmjs.org/brace-expansion/-/brace-expansion-1.1.11.tgz",
      "integrity": "sha512-iCuPHDFgrHX7H2vEI/5xpz07zSHB00TpugqhmYtVmMO6518mCuRMoOYFldEBl0g187ufozdaHgWKcYFb61qGiA==",
      "dependencies": {
        "balanced-match": "^1.0.0",
        "concat-map": "0.0.1"
      }
    },
    "node_modules/camelcase": {
      "version": "1.2.1",
      "resolved": "https://registry.npmjs.org/camelcase/-/camelcase-1.2.1.tgz",
      "integrity": "sha512-wzLkDa4K/mzI1OSITC+DUyjgIl/ETNHE9QvYgy6J6Jvqyyz4C0Xfd+lQhb19sX2jMpZV4IssUn0VDVmglV+s4g==",
      "engines": {
        "node": ">=0.10.0"
      }
    },
    "node_modules/co": {
      "version": "4.6.0",
      "resolved": "https://registry.npmjs.org/co/-/co-4.6.0.tgz",
      "integrity": "sha512-QVb0dM5HvG+uaxitm8wONl7jltx8dqhfU33DcqtOZcLSVIKSDDLDi7+0LbAKiyI8hD9u42m2YxXSkMGWThaecQ==",
      "engines": {
        "iojs": ">= 1.0.0",
        "node": ">= 0.12.0"
      }
    },
    "node_modules/concat-map": {
      "version": "0.0.1",
      "resolved": "https://registry.npmjs.org/concat-map/-/concat-map-0.0.1.tgz",
      "integrity": "sha512-/Srv4dswyQNBfohGpz9o6Yb3Gz3SrUDqBH5rTuhGR7ahtlbYKnVxw2bCFMRljaA7EXHaXZ8wsHdodFvbkhKmqg=="
    },
    "node_modules/convert-source-map": {
      "version": "1.9.0",
      "resolved": "https://registry.npmjs.org/convert-source-map/-/convert-source-map-1.9.0.tgz",
      "integrity": "sha512-ASFBup0Mz1uyiIjANan1jzLQami9z1PoYSZCiiYW2FczPbenXc45FZdBZLzOT+r6+iciuEModtmCti+hjaAk0A=="
    },
    "node_modules/core-js": {
      "version": "2.6.12",
      "resolved": "https://registry.npmjs.org/core-js/-/core-js-2.6.12.tgz",
      "integrity": "sha512-Kb2wC0fvsWfQrgk8HU5lW6U/Lcs8+9aaYcy4ZFc6DDlo4nZ7n70dEgE5rtR0oG6ufKDUnrwfWL1mXR5ljDatrQ==",
      "deprecated": "core-js@<3.23.3 is no longer maintained and not recommended for usage due to the number of issues. Because of the V8 engine whims, feature detection in old core-js versions could cause a slowdown up to 100x even if nothing is polyfilled. Some versions have web compatibility issues. Please, upgrade your dependencies to the actual version of core-js.",
      "hasInstallScript": true
    },
    "node_modules/exorcist": {
      "version": "0.4.0",
      "resolved": "https://registry.npmjs.org/exorcist/-/exorcist-0.4.0.tgz",
      "integrity": "sha512-J6L1tiHjvHkhjHXsulQg9fDoO6ck+9/pdycyp6ZfGKoItkX9iom0vwifIBaOdb+w7h7Y6W7MbqyIBfbhs3JfFQ==",
      "dependencies": {
        "minimist": "0.0.5",
        "mold-source-map": "~0.4.0",
        "nave": "~0.5.1"
      },
      "bin": {
        "exorcist": "bin/exorcist.js"
      }
    },
    "node_modules/filecopy": {
      "version": "2.1.2",
      "resolved": "https://registry.npmjs.org/filecopy/-/filecopy-2.1.2.tgz",
      "integrity": "sha512-fp3k17z28uDnE5jIU6q95GN37jYd3SpTIP5a7uOcodlJ7iKBJF5JHAP9KefKx3R45wCyEoUObsuXg6Yn8JFNtg==",
      "dependencies": {
        "aglob": "^1.0.1",
        "argx": "^3.0.0",
        "asfs": "^1.0.5",
        "babel-runtime": "^6.11.6",
        "co": "^4.6.0"
      },
      "engines": {
        "node": ">=4",
        "npm": ">=2"
      }
    },
    "node_modules/filecopy/node_modules/aglob": {
      "version": "1.1.1",
      "resolved": "https://registry.npmjs.org/aglob/-/aglob-1.1.1.tgz",
      "integrity": "sha512-+/9G1mMFwW8p2D+MGtDwX+nvNmLsg7K8qxhyEgnnZeQOezEpIzeJVzpo6AIdq5Ucy8p6bpofbkPhLGdiBgQ+hQ==",
      "dependencies": {
        "babel-runtime": "^6.11.6",
        "co": "^4.6.0",
        "glob": "^7.0.5"
      },
      "engines": {
        "node": ">=4",
        "npm": ">=2"
      }
    },
    "node_modules/filedel": {
      "version": "2.0.5",
      "resolved": "https://registry.npmjs.org/filedel/-/filedel-2.0.5.tgz",
      "integrity": "sha512-hUrw4P0E/n39ljkxZ6P2x/fkatjnZZHZy8qrZKkHd9PrxSHbxhAlKJfl0CL1cbzYYDFnqtX5GSmYmy98/UXTpA==",
      "dependencies": {
        "aglob": "^1.0.2",
        "argx": "^3.0.1",
        "asfs": "^1.0.5",
        "babel-runtime": "^6.11.6",
        "co": "^4.6.0",
        "rimraf": "^2.5.4"
      },
      "engines": {
        "node": ">=4",
        "npm": ">=2"
      }
    },
    "node_modules/filedel/node_modules/aglob": {
      "version": "1.1.1",
      "resolved": "https://registry.npmjs.org/aglob/-/aglob-1.1.1.tgz",
      "integrity": "sha512-+/9G1mMFwW8p2D+MGtDwX+nvNmLsg7K8qxhyEgnnZeQOezEpIzeJVzpo6AIdq5Ucy8p6bpofbkPhLGdiBgQ+hQ==",
      "dependencies": {
        "babel-runtime": "^6.11.6",
        "co": "^4.6.0",
        "glob": "^7.0.5"
      },
      "engines": {
        "node": ">=4",
        "npm": ">=2"
      }
    },
    "node_modules/fs.realpath": {
      "version": "1.0.0",
      "resolved": "https://registry.npmjs.org/fs.realpath/-/fs.realpath-1.0.0.tgz",
      "integrity": "sha512-OO0pH2lK6a0hZnAdau5ItzHPI6pUlvI7jMVnxUQRtw4owF2wk8lOSabtGDCTP4Ggrg2MbGnWO9X8K1t4+fGMDw=="
    },
    "node_modules/glob": {
      "version": "7.2.3",
      "resolved": "https://registry.npmjs.org/glob/-/glob-7.2.3.tgz",
      "integrity": "sha512-nFR0zLpU2YCaRxwoCJvL6UvCH2JFyFVIvwTLsIf21AuHlMskA1hhTdk+LlYJtOlYt9v6dvszD2BGRqBL+iQK9Q==",
      "dependencies": {
        "fs.realpath": "^1.0.0",
        "inflight": "^1.0.4",
        "inherits": "2",
        "minimatch": "^3.1.1",
        "once": "^1.3.0",
        "path-is-absolute": "^1.0.0"
      },
      "engines": {
        "node": "*"
      },
      "funding": {
        "url": "https://github.com/sponsors/isaacs"
      }
    },
    "node_modules/iftype": {
      "version": "3.0.2",
      "resolved": "https://registry.npmjs.org/iftype/-/iftype-3.0.2.tgz",
      "integrity": "sha512-vA/NSyCG3E7XXWC1hmbEDj8WvsduSzLblmj4m2Idywx8YC6CKqGTYzrnoxbMrC+qBcHz85P7uwBwYEY2rX1jvQ==",
      "dependencies": {
        "babel-runtime": "^6.11.6"
      },
      "engines": {
        "node": ">=4",
        "npm": ">=2"
      }
    },
    "node_modules/index": {
      "version": "0.4.0",
      "resolved": "https://registry.npmjs.org/index/-/index-0.4.0.tgz",
      "integrity": "sha512-48AIN2XNXFXDb7muQD+4RZvXSy862VkXu5vkLh2zjikLOBWjI68OBUaRxt8ng1tolPlK9vrwMP/5th0VY53oNg==",
      "dependencies": {
        "step": ">= 0.0.4"
      },
      "engines": {
        "node": "*"
      }
    },
    "node_modules/inflight": {
      "version": "1.0.6",
      "resolved": "https://registry.npmjs.org/inflight/-/inflight-1.0.6.tgz",
      "integrity": "sha512-k92I/b08q4wvFscXCLvqfsHCrjrF7yiXsQuIVvVE7N82W3+aqpzuUdBbfhWcy/FZR3/4IgflMgKLOsvPDrGCJA==",
      "dependencies": {
        "once": "^1.3.0",
        "wrappy": "1"
      }
    },
    "node_modules/inherits": {
      "version": "2.0.4",
      "resolved": "https://registry.npmjs.org/inherits/-/inherits-2.0.4.tgz",
      "integrity": "sha512-k/vGaX4/Yla3WzyMCvTQOXYeIHvqOKtnqBduzTHpzpQZzAskKMhZ2K+EnBiSM9zGSoIFeMpXKxa4dYeZIQqewQ=="
    },
    "node_modules/minimatch": {
      "version": "3.1.2",
      "resolved": "https://registry.npmjs.org/minimatch/-/minimatch-3.1.2.tgz",
      "integrity": "sha512-J7p63hRiAjw1NDEww1W7i37+ByIrOWO5XQQAzZ3VOcL0PNybwpfmV/N05zFAzwQ9USyEcX6t3UO+K5aqBQOIHw==",
      "dependencies": {
        "brace-expansion": "^1.1.7"
      },
      "engines": {
        "node": "*"
      }
    },
    "node_modules/minimist": {
      "version": "0.0.5",
      "resolved": "https://registry.npmjs.org/minimist/-/minimist-0.0.5.tgz",
      "integrity": "sha512-rSJ0cdmCj3qmKdObcnMcWgPVOyaOWlazLhZAJW0s6G6lx1ZEuFkraWmEH5LTvX90btkfHPclQBjvjU7A/kYRFg=="
    },
    "node_modules/mkdirp": {
      "version": "0.5.6",
      "resolved": "https://registry.npmjs.org/mkdirp/-/mkdirp-0.5.6.tgz",
      "integrity": "sha512-FP+p8RB8OWpF3YZBCrP5gtADmtXApB5AMLn+vdyA+PyxCjrCs00mjyUozssO33cwDeT3wNGdLxJ5M//YqtHAJw==",
      "dependencies": {
        "minimist": "^1.2.6"
      },
      "bin": {
        "mkdirp": "bin/cmd.js"
      }
    },
    "node_modules/mkdirp/node_modules/minimist": {
      "version": "1.2.8",
      "resolved": "https://registry.npmjs.org/minimist/-/minimist-1.2.8.tgz",
      "integrity": "sha512-2yyAR8qBkN3YuheJanUpWC5U3bb5osDywNB8RzDVlDwDHbocAJveqqj1u8+SVD7jkWT4yvsHCpWqqWqAxb0zCA==",
      "funding": {
        "url": "https://github.com/sponsors/ljharb"
      }
    },
    "node_modules/mold-source-map": {
      "version": "0.4.1",
      "resolved": "https://registry.npmjs.org/mold-source-map/-/mold-source-map-0.4.1.tgz",
      "integrity": "sha512-oPowVpTm8p3jsK2AKI+NzoS6TBKv7gWY/Hj4ZNh5YWiB3S4eP54y8vSEEgVUdrqgTbjwEzIunNAVQJGRW0bakQ==",
      "dependencies": {
        "convert-source-map": "^1.1.0",
        "through": "~2.2.7"
      }
    },
    "node_modules/nave": {
      "version": "0.5.3",
      "resolved": "https://registry.npmjs.org/nave/-/nave-0.5.3.tgz",
      "integrity": "sha512-XvRScGzPb4fm+lRqLovWfKBMxh2fa03+rAJGbGpm3ZkBfcQfGpRAv3FiuXvBfRytVfhmkqhIUnobkrBK6vVosg==",
      "bin": {
        "nave": "nave.sh"
      }
    },
    "node_modules/once": {
      "version": "1.4.0",
      "resolved": "https://registry.npmjs.org/once/-/once-1.4.0.tgz",
      "integrity": "sha512-lNaJgI+2Q5URQBkccEKHTQOPaXdUxnZZElQTZY0MFUAuaEqe1E+Nyvgdz/aIyNi6Z9MzO5dv1H8n58/GELp3+w==",
      "dependencies": {
        "wrappy": "1"
      }
    },
    "node_modules/path-is-absolute": {
      "version": "1.0.1",
      "resolved": "https://registry.npmjs.org/path-is-absolute/-/path-is-absolute-1.0.1.tgz",
      "integrity": "sha512-AVbw3UJ2e9bq64vSaS9Am0fje1Pa8pbGqTTsmXfaIiMpnr5DlDhfJOuLj9Sf95ZPVDAUerDfEk88MPmPe7UCQg==",
      "engines": {
        "node": ">=0.10.0"
      }
    },
    "node_modules/regenerator-runtime": {
      "version": "0.11.1",
      "resolved": "https://registry.npmjs.org/regenerator-runtime/-/regenerator-runtime-0.11.1.tgz",
      "integrity": "sha512-MguG95oij0fC3QV3URf4V2SDYGJhJnJGqvIIgdECeODCT98wSWDAJ94SSuVpYQUoTcGUIL6L4yNB7j1DFFHSBg=="
    },
    "node_modules/rimraf": {
      "version": "2.7.1",
      "resolved": "https://registry.npmjs.org/rimraf/-/rimraf-2.7.1.tgz",
      "integrity": "sha512-uWjbaKIK3T1OSVptzX7Nl6PvQ3qAGtKEtVRjRuazjfL3Bx5eI409VZSqgND+4UNnmzLVdPj9FqFJNPqBZFve4w==",
      "dependencies": {
        "glob": "^7.1.3"
      },
      "bin": {
        "rimraf": "bin.js"
      }
    },
    "node_modules/step": {
      "version": "1.0.0",
      "resolved": "https://registry.npmjs.org/step/-/step-1.0.0.tgz",
      "integrity": "sha512-sqFPUYBKa+XDdUz76UbHwUYP9eJ4i4aj/pm+4GkF1UQs5CcIdifZsGpyO3FASFv/ET2DtWLcrL8KfhjWwwwkfg=="
    },
    "node_modules/through": {
      "version": "2.2.7",
      "resolved": "https://registry.npmjs.org/through/-/through-2.2.7.tgz",
      "integrity": "sha512-JIR0m0ybkmTcR8URann+HbwKmodP+OE8UCbsifQDYMLD5J3em1Cdn3MYPpbEd5elGDwmP98T+WbqP/tvzA5Mjg=="
    },
    "node_modules/uppercamelcase": {
      "version": "1.1.0",
      "resolved": "https://registry.npmjs.org/uppercamelcase/-/uppercamelcase-1.1.0.tgz",
      "integrity": "sha512-C7YEMvhgrvTEKEEVqA7LXNID/1TvvIwYZqNIKLquS6y/MGSkRQAav9LnTTILlC1RqUM8eTVBOe1U/fnB652PRA==",
      "dependencies": {
        "camelcase": "^1.2.1"
      }
    },
    "node_modules/vue-amap": {
      "version": "0.5.10",
      "resolved": "https://r2.cnpmjs.org/vue-amap/-/vue-amap-0.5.10.tgz",
      "integrity": "sha512-9ViNCev1vx32+zZ5RvF/TmUZNbwL9QrdA2/OnD2GlXMfQBkJy7D08Vb7379t6guqnopDPtWJ8K6gg72h9+4GUg==",
      "dependencies": {
        "uppercamelcase": "^1.1.0"
      },
      "engines": {
        "core-js": "^2.5.0",
        "node": ">= 4.0.0",
        "npm": ">= 3.0.0"
      }
    },
    "node_modules/wrappy": {
      "version": "1.0.2",
      "resolved": "https://registry.npmjs.org/wrappy/-/wrappy-1.0.2.tgz",
      "integrity": "sha512-l4Sp/DRseor9wL6EvV2+TuQn63dMkPjZ/sp9XkghTEbV9KlPS1xUsZ3u7/IQO4wxtcFB4bgpQPRcR3QCvezPcQ=="
    }
  },
  "dependencies": {
    "@amap/amap-jsapi-loader": {
      "version": "1.0.1",
      "resolved": "https://registry.npmjs.org/@amap/amap-jsapi-loader/-/amap-jsapi-loader-1.0.1.tgz",
      "integrity": "sha512-nPyLKt7Ow/ThHLkSvn2etQlUzqxmTVgK7bIgwdBRTg2HK5668oN7xVxkaiRe3YZEzGzfV2XgH5Jmu2T73ljejw==",
      "dev": true
    },
    "aglob": {
      "version": "2.0.1",
      "resolved": "https://registry.npmjs.org/aglob/-/aglob-2.0.1.tgz",
      "integrity": "sha512-Ga+NPO2UM40+lfz+lSem2fhsoFkAd129cULbi5ZD9IwpFvM2ZhscYayM3dhrBVOkSRStHPHGz2dWHcUq1Kdunw==",
      "requires": {
        "co": "^4.6.0",
        "glob": "^7.1.1"
      }
    },
    "amap": {
      "version": "1.0.7",
      "resolved": "https://r2.cnpmjs.org/amap/-/amap-1.0.7.tgz",
      "integrity": "sha512-A5Bmklw5nFuxZvrrspirV+pqorE0gdEwg85JiF444j+Jt1YFYALsF/496d6WiWca0H1bS84r3GcsHNBo90urZQ==",
      "requires": {
        "asfs": "^1.0.5",
        "co": "^4.6.0",
        "exorcist": "^0.4.0",
        "filecopy": "^2.0.2",
        "filedel": "^2.0.4"
      }
    },
    "argx": {
      "version": "3.0.2",
      "resolved": "https://registry.npmjs.org/argx/-/argx-3.0.2.tgz",
      "integrity": "sha512-PUyi1r14HG1AH6raqPEW8+vKNWfvHrmerdBXnf5iz7JOnO1hRaG1cGsH9eay/y8dUIreN7NxSEfK208UCGd0wQ==",
      "requires": {
        "iftype": "^3.0.0"
      }
    },
    "asfs": {
      "version": "1.2.3",
      "resolved": "https://registry.npmjs.org/asfs/-/asfs-1.2.3.tgz",
      "integrity": "sha512-1olc+2K8opqjYFoAXuzZfl2af4P49b6IvL7zlgMD9Y3uKrjPWLa60NCnDVkc1AJDc3N4X+a7Z1On9xZ7saeCNA==",
      "requires": {
        "aglob": "^2.0.1",
        "co": "^4.6.0",
        "filecopy": "^3.0.0",
        "mkdirp": "^0.5.1"
      },
      "dependencies": {
        "filecopy": {
          "version": "3.0.1",
          "resolved": "https://registry.npmjs.org/filecopy/-/filecopy-3.0.1.tgz",
          "integrity": "sha512-1h+x9IvkPiXdJgTLoOSvJZsNh9b90fXGymXI+xIIzzy98d0boE2qttAdS/b7RlnouzRDLR+L7EMOotD4i+0Ntw==",
          "requires": {
            "aglob": "^2.0.1",
            "argx": "^3.0.0",
            "co": "^4.6.0",
            "mkdirp": "^0.5.1"
          }
        }
      }
    },
    "babel-runtime": {
      "version": "6.26.0",
      "resolved": "https://registry.npmjs.org/babel-runtime/-/babel-runtime-6.26.0.tgz",
      "integrity": "sha512-ITKNuq2wKlW1fJg9sSW52eepoYgZBggvOAHC0u/CYu/qxQ9EVzThCgR69BnSXLHjy2f7SY5zaQ4yt7H9ZVxY2g==",
      "requires": {
        "core-js": "^2.4.0",
        "regenerator-runtime": "^0.11.0"
      }
    },
    "balanced-match": {
      "version": "1.0.2",
      "resolved": "https://registry.npmjs.org/balanced-match/-/balanced-match-1.0.2.tgz",
      "integrity": "sha512-3oSeUO0TMV67hN1AmbXsK4yaqU7tjiHlbxRDZOpH0KW9+CeX4bRAaX0Anxt0tx2MrpRpWwQaPwIlISEJhYU5Pw=="
    },
    "brace-expansion": {
      "version": "1.1.11",
      "resolved": "https://registry.npmjs.org/brace-expansion/-/brace-expansion-1.1.11.tgz",
      "integrity": "sha512-iCuPHDFgrHX7H2vEI/5xpz07zSHB00TpugqhmYtVmMO6518mCuRMoOYFldEBl0g187ufozdaHgWKcYFb61qGiA==",
      "requires": {
        "balanced-match": "^1.0.0",
        "concat-map": "0.0.1"
      }
    },
    "camelcase": {
      "version": "1.2.1",
      "resolved": "https://registry.npmjs.org/camelcase/-/camelcase-1.2.1.tgz",
      "integrity": "sha512-wzLkDa4K/mzI1OSITC+DUyjgIl/ETNHE9QvYgy6J6Jvqyyz4C0Xfd+lQhb19sX2jMpZV4IssUn0VDVmglV+s4g=="
    },
    "co": {
      "version": "4.6.0",
      "resolved": "https://registry.npmjs.org/co/-/co-4.6.0.tgz",
      "integrity": "sha512-QVb0dM5HvG+uaxitm8wONl7jltx8dqhfU33DcqtOZcLSVIKSDDLDi7+0LbAKiyI8hD9u42m2YxXSkMGWThaecQ=="
    },
    "concat-map": {
      "version": "0.0.1",
      "resolved": "https://registry.npmjs.org/concat-map/-/concat-map-0.0.1.tgz",
      "integrity": "sha512-/Srv4dswyQNBfohGpz9o6Yb3Gz3SrUDqBH5rTuhGR7ahtlbYKnVxw2bCFMRljaA7EXHaXZ8wsHdodFvbkhKmqg=="
    },
    "convert-source-map": {
      "version": "1.9.0",
      "resolved": "https://registry.npmjs.org/convert-source-map/-/convert-source-map-1.9.0.tgz",
      "integrity": "sha512-ASFBup0Mz1uyiIjANan1jzLQami9z1PoYSZCiiYW2FczPbenXc45FZdBZLzOT+r6+iciuEModtmCti+hjaAk0A=="
    },
    "core-js": {
      "version": "2.6.12",
      "resolved": "https://registry.npmjs.org/core-js/-/core-js-2.6.12.tgz",
      "integrity": "sha512-Kb2wC0fvsWfQrgk8HU5lW6U/Lcs8+9aaYcy4ZFc6DDlo4nZ7n70dEgE5rtR0oG6ufKDUnrwfWL1mXR5ljDatrQ=="
    },
    "exorcist": {
      "version": "0.4.0",
      "resolved": "https://registry.npmjs.org/exorcist/-/exorcist-0.4.0.tgz",
      "integrity": "sha512-J6L1tiHjvHkhjHXsulQg9fDoO6ck+9/pdycyp6ZfGKoItkX9iom0vwifIBaOdb+w7h7Y6W7MbqyIBfbhs3JfFQ==",
      "requires": {
        "minimist": "0.0.5",
        "mold-source-map": "~0.4.0",
        "nave": "~0.5.1"
      }
    },
    "filecopy": {
      "version": "2.1.2",
      "resolved": "https://registry.npmjs.org/filecopy/-/filecopy-2.1.2.tgz",
      "integrity": "sha512-fp3k17z28uDnE5jIU6q95GN37jYd3SpTIP5a7uOcodlJ7iKBJF5JHAP9KefKx3R45wCyEoUObsuXg6Yn8JFNtg==",
      "requires": {
        "aglob": "^1.0.1",
        "argx": "^3.0.0",
        "asfs": "^1.0.5",
        "babel-runtime": "^6.11.6",
        "co": "^4.6.0"
      },
      "dependencies": {
        "aglob": {
          "version": "1.1.1",
          "resolved": "https://registry.npmjs.org/aglob/-/aglob-1.1.1.tgz",
          "integrity": "sha512-+/9G1mMFwW8p2D+MGtDwX+nvNmLsg7K8qxhyEgnnZeQOezEpIzeJVzpo6AIdq5Ucy8p6bpofbkPhLGdiBgQ+hQ==",
          "requires": {
            "babel-runtime": "^6.11.6",
            "co": "^4.6.0",
            "glob": "^7.0.5"
          }
        }
      }
    },
    "filedel": {
      "version": "2.0.5",
      "resolved": "https://registry.npmjs.org/filedel/-/filedel-2.0.5.tgz",
      "integrity": "sha512-hUrw4P0E/n39ljkxZ6P2x/fkatjnZZHZy8qrZKkHd9PrxSHbxhAlKJfl0CL1cbzYYDFnqtX5GSmYmy98/UXTpA==",
      "requires": {
        "aglob": "^1.0.2",
        "argx": "^3.0.1",
        "asfs": "^1.0.5",
        "babel-runtime": "^6.11.6",
        "co": "^4.6.0",
        "rimraf": "^2.5.4"
      },
      "dependencies": {
        "aglob": {
          "version": "1.1.1",
          "resolved": "https://registry.npmjs.org/aglob/-/aglob-1.1.1.tgz",
          "integrity": "sha512-+/9G1mMFwW8p2D+MGtDwX+nvNmLsg7K8qxhyEgnnZeQOezEpIzeJVzpo6AIdq5Ucy8p6bpofbkPhLGdiBgQ+hQ==",
          "requires": {
            "babel-runtime": "^6.11.6",
            "co": "^4.6.0",
            "glob": "^7.0.5"
          }
        }
      }
    },
    "fs.realpath": {
      "version": "1.0.0",
      "resolved": "https://registry.npmjs.org/fs.realpath/-/fs.realpath-1.0.0.tgz",
      "integrity": "sha512-OO0pH2lK6a0hZnAdau5ItzHPI6pUlvI7jMVnxUQRtw4owF2wk8lOSabtGDCTP4Ggrg2MbGnWO9X8K1t4+fGMDw=="
    },
    "glob": {
      "version": "7.2.3",
      "resolved": "https://registry.npmjs.org/glob/-/glob-7.2.3.tgz",
      "integrity": "sha512-nFR0zLpU2YCaRxwoCJvL6UvCH2JFyFVIvwTLsIf21AuHlMskA1hhTdk+LlYJtOlYt9v6dvszD2BGRqBL+iQK9Q==",
      "requires": {
        "fs.realpath": "^1.0.0",
        "inflight": "^1.0.4",
        "inherits": "2",
        "minimatch": "^3.1.1",
        "once": "^1.3.0",
        "path-is-absolute": "^1.0.0"
      }
    },
    "iftype": {
      "version": "3.0.2",
      "resolved": "https://registry.npmjs.org/iftype/-/iftype-3.0.2.tgz",
      "integrity": "sha512-vA/NSyCG3E7XXWC1hmbEDj8WvsduSzLblmj4m2Idywx8YC6CKqGTYzrnoxbMrC+qBcHz85P7uwBwYEY2rX1jvQ==",
      "requires": {
        "babel-runtime": "^6.11.6"
      }
    },
    "index": {
      "version": "0.4.0",
      "resolved": "https://registry.npmjs.org/index/-/index-0.4.0.tgz",
      "integrity": "sha512-48AIN2XNXFXDb7muQD+4RZvXSy862VkXu5vkLh2zjikLOBWjI68OBUaRxt8ng1tolPlK9vrwMP/5th0VY53oNg==",
      "requires": {
        "step": ">= 0.0.4"
      }
    },
    "inflight": {
      "version": "1.0.6",
      "resolved": "https://registry.npmjs.org/inflight/-/inflight-1.0.6.tgz",
      "integrity": "sha512-k92I/b08q4wvFscXCLvqfsHCrjrF7yiXsQuIVvVE7N82W3+aqpzuUdBbfhWcy/FZR3/4IgflMgKLOsvPDrGCJA==",
      "requires": {
        "once": "^1.3.0",
        "wrappy": "1"
      }
    },
    "inherits": {
      "version": "2.0.4",
      "resolved": "https://registry.npmjs.org/inherits/-/inherits-2.0.4.tgz",
      "integrity": "sha512-k/vGaX4/Yla3WzyMCvTQOXYeIHvqOKtnqBduzTHpzpQZzAskKMhZ2K+EnBiSM9zGSoIFeMpXKxa4dYeZIQqewQ=="
    },
    "minimatch": {
      "version": "3.1.2",
      "resolved": "https://registry.npmjs.org/minimatch/-/minimatch-3.1.2.tgz",
      "integrity": "sha512-J7p63hRiAjw1NDEww1W7i37+ByIrOWO5XQQAzZ3VOcL0PNybwpfmV/N05zFAzwQ9USyEcX6t3UO+K5aqBQOIHw==",
      "requires": {
        "brace-expansion": "^1.1.7"
      }
    },
    "minimist": {
      "version": "0.0.5",
      "resolved": "https://registry.npmjs.org/minimist/-/minimist-0.0.5.tgz",
      "integrity": "sha512-rSJ0cdmCj3qmKdObcnMcWgPVOyaOWlazLhZAJW0s6G6lx1ZEuFkraWmEH5LTvX90btkfHPclQBjvjU7A/kYRFg=="
    },
    "mkdirp": {
      "version": "0.5.6",
      "resolved": "https://registry.npmjs.org/mkdirp/-/mkdirp-0.5.6.tgz",
      "integrity": "sha512-FP+p8RB8OWpF3YZBCrP5gtADmtXApB5AMLn+vdyA+PyxCjrCs00mjyUozssO33cwDeT3wNGdLxJ5M//YqtHAJw==",
      "requires": {
        "minimist": "^1.2.6"
      },
      "dependencies": {
        "minimist": {
          "version": "1.2.8",
          "resolved": "https://registry.npmjs.org/minimist/-/minimist-1.2.8.tgz",
          "integrity": "sha512-2yyAR8qBkN3YuheJanUpWC5U3bb5osDywNB8RzDVlDwDHbocAJveqqj1u8+SVD7jkWT4yvsHCpWqqWqAxb0zCA=="
        }
      }
    },
    "mold-source-map": {
      "version": "0.4.1",
      "resolved": "https://registry.npmjs.org/mold-source-map/-/mold-source-map-0.4.1.tgz",
      "integrity": "sha512-oPowVpTm8p3jsK2AKI+NzoS6TBKv7gWY/Hj4ZNh5YWiB3S4eP54y8vSEEgVUdrqgTbjwEzIunNAVQJGRW0bakQ==",
      "requires": {
        "convert-source-map": "^1.1.0",
        "through": "~2.2.7"
      }
    },
    "nave": {
      "version": "0.5.3",
      "resolved": "https://registry.npmjs.org/nave/-/nave-0.5.3.tgz",
      "integrity": "sha512-XvRScGzPb4fm+lRqLovWfKBMxh2fa03+rAJGbGpm3ZkBfcQfGpRAv3FiuXvBfRytVfhmkqhIUnobkrBK6vVosg=="
    },
    "once": {
      "version": "1.4.0",
      "resolved": "https://registry.npmjs.org/once/-/once-1.4.0.tgz",
      "integrity": "sha512-lNaJgI+2Q5URQBkccEKHTQOPaXdUxnZZElQTZY0MFUAuaEqe1E+Nyvgdz/aIyNi6Z9MzO5dv1H8n58/GELp3+w==",
      "requires": {
        "wrappy": "1"
      }
    },
    "path-is-absolute": {
      "version": "1.0.1",
      "resolved": "https://registry.npmjs.org/path-is-absolute/-/path-is-absolute-1.0.1.tgz",
      "integrity": "sha512-AVbw3UJ2e9bq64vSaS9Am0fje1Pa8pbGqTTsmXfaIiMpnr5DlDhfJOuLj9Sf95ZPVDAUerDfEk88MPmPe7UCQg=="
    },
    "regenerator-runtime": {
      "version": "0.11.1",
      "resolved": "https://registry.npmjs.org/regenerator-runtime/-/regenerator-runtime-0.11.1.tgz",
      "integrity": "sha512-MguG95oij0fC3QV3URf4V2SDYGJhJnJGqvIIgdECeODCT98wSWDAJ94SSuVpYQUoTcGUIL6L4yNB7j1DFFHSBg=="
    },
    "rimraf": {
      "version": "2.7.1",
      "resolved": "https://registry.npmjs.org/rimraf/-/rimraf-2.7.1.tgz",
      "integrity": "sha512-uWjbaKIK3T1OSVptzX7Nl6PvQ3qAGtKEtVRjRuazjfL3Bx5eI409VZSqgND+4UNnmzLVdPj9FqFJNPqBZFve4w==",
      "requires": {
        "glob": "^7.1.3"
      }
    },
    "step": {
      "version": "1.0.0",
      "resolved": "https://registry.npmjs.org/step/-/step-1.0.0.tgz",
      "integrity": "sha512-sqFPUYBKa+XDdUz76UbHwUYP9eJ4i4aj/pm+4GkF1UQs5CcIdifZsGpyO3FASFv/ET2DtWLcrL8KfhjWwwwkfg=="
    },
    "through": {
      "version": "2.2.7",
      "resolved": "https://registry.npmjs.org/through/-/through-2.2.7.tgz",
      "integrity": "sha512-JIR0m0ybkmTcR8URann+HbwKmodP+OE8UCbsifQDYMLD5J3em1Cdn3MYPpbEd5elGDwmP98T+WbqP/tvzA5Mjg=="
    },
    "uppercamelcase": {
      "version": "1.1.0",
      "resolved": "https://registry.npmjs.org/uppercamelcase/-/uppercamelcase-1.1.0.tgz",
      "integrity": "sha512-C7YEMvhgrvTEKEEVqA7LXNID/1TvvIwYZqNIKLquS6y/MGSkRQAav9LnTTILlC1RqUM8eTVBOe1U/fnB652PRA==",
      "requires": {
        "camelcase": "^1.2.1"
      }
    },
    "vue-amap": {
      "version": "0.5.10",
      "resolved": "https://r2.cnpmjs.org/vue-amap/-/vue-amap-0.5.10.tgz",
      "integrity": "sha512-9ViNCev1vx32+zZ5RvF/TmUZNbwL9QrdA2/OnD2GlXMfQBkJy7D08Vb7379t6guqnopDPtWJ8K6gg72h9+4GUg==",
      "requires": {
        "uppercamelcase": "^1.1.0"
      }
    },
    "wrappy": {
      "version": "1.0.2",
      "resolved": "https://registry.npmjs.org/wrappy/-/wrappy-1.0.2.tgz",
      "integrity": "sha512-l4Sp/DRseor9wL6EvV2+TuQn63dMkPjZ/sp9XkghTEbV9KlPS1xUsZ3u7/IQO4wxtcFB4bgpQPRcR3QCvezPcQ=="
    }
  }
}
